Microsoft Visual Studio Solution File, Format Version 12.00
# Visual Studio 15
VisualStudioVersion = 15.0.26430.14
MinimumVisualStudioVersion = 10.0.40219.1
Project("{FAE04EC0-301F-11D3-BF4B-00C04F79EFBC}") = "Petstore.Standard", "Petstore.Standard/Petstore.Standard.csproj", "{0cd64c60-4bfe-414c-a700-cc52791c567c}"
EndProject
Project("{FAE04EC0-301F-11D3-BF4B-00C04F79EFBC}") = "Petstore.Tests", "Petstore.Tests/Petstore.Tests.csproj", "{b7804750-8176-4b06-abb6-4e52915cd9cd}"
EndProject
Global
    GlobalSection(SolutionConfigurationPlatforms) = preSolution
        Debug|Any CPU = Debug|Any CPU
        Release|Any CPU = Release|Any CPU
    EndGlobalSection
    GlobalSection(ProjectConfigurationPlatforms) = postSolution
        {0cd64c60-4bfe-414c-a700-cc52791c567c}.Debug|Any CPU.ActiveCfg = Debug|Any CPU
        {0cd64c60-4bfe-414c-a700-cc52791c567c}.Debug|Any CPU.Build.0 = Debug|Any CPU
        {0cd64c60-4bfe-414c-a700-cc52791c567c}.Release|Any CPU.ActiveCfg = Release|Any CPU
        {0cd64c60-4bfe-414c-a700-cc52791c567c}.Release|Any CPU.Build.0 = Release|Any CPU
        {b7804750-8176-4b06-abb6-4e52915cd9cd}.Debug|Any CPU.ActiveCfg = Debug|Any CPU
        {b7804750-8176-4b06-abb6-4e52915cd9cd}.Debug|Any CPU.Build.0 = Debug|Any CPU
        {b7804750-8176-4b06-abb6-4e52915cd9cd}.Release|Any CPU.ActiveCfg = Release|Any CPU
        {b7804750-8176-4b06-abb6-4e52915cd9cd}.Release|Any CPU.Build.0 = Release|Any CPU
    EndGlobalSection
    GlobalSection(SolutionProperties) = preSolution
        HideSolutionNode = FALSE
    EndGlobalSection
EndGlobal
